
Microsoft Visual Studio Solution File, Format Version 12.00
# Visual Studio 15
VisualStudioVersion = 15.0.27130.2027
MinimumVisualStudioVersion = 10.0.40219.1
Project("{FAE04EC0-301F-11D3-BF4B-00C04F79EFBC}") = "01.Fibonacci_DP", "01.Fibonacci_DP\01.Fibonacci_DP.csproj", "{439BD040-BD43-4FD5-9891-C55B99E7D17A}"
EndProject
Project("{FAE04EC0-301F-11D3-BF4B-00C04F79EFBC}") = "02.LongestIncSubsequence", "02.LongestIncSubsequence\02.LongestIncSubsequence.csproj", "{F2624E4E-6DDF-4B4E-813A-996E633E98B3}"
EndProject
Project("{FAE04EC0-301F-11D3-BF4B-00C04F79EFBC}") = "03.MoveDownRight", "03.MoveDownRight\03.MoveDownRight.csproj", "{A26DB189-84A3-4A93-98CD-40B1CF50540C}"
EndProject
Project("{FAE04EC0-301F-11D3-BF4B-00C04F79EFBC}") = "03a.MoveDownRightVariant", "03a.MoveDownRightVariant\03a.MoveDownRightVariant.csproj", "{125884D9-9BD0-43B6-A8BE-80EEBBAE5A67}"
EndProject
Project("{FAE04EC0-301F-11D3-BF4B-00C04F79EFBC}") = "04.RodCutting", "04.RodCutting\04.RodCutting.csproj", "{4A4BEFDB-BE36-4E9A-807E-B6C5903DD4B0}"
EndProject
Global
	GlobalSection(SolutionConfigurationPlatforms) = preSolution
		Debug|Any CPU = Debug|Any CPU
		Release|Any CPU = Release|Any CPU
	EndGlobalSection
	GlobalSection(ProjectConfigurationPlatforms) = postSolution
		{439BD040-BD43-4FD5-9891-C55B99E7D17A}.Debug|Any CPU.ActiveCfg = Debug|Any CPU
		{439BD040-BD43-4FD5-9891-C55B99E7D17A}.Debug|Any CPU.Build.0 = Debug|Any CPU
		{439BD040-BD43-4FD5-9891-C55B99E7D17A}.Release|Any CPU.ActiveCfg = Release|Any CPU
		{439BD040-BD43-4FD5-9891-C55B99E7D17A}.Release|Any CPU.Build.0 = Release|Any CPU
		{F2624E4E-6DDF-4B4E-813A-996E633E98B3}.Debug|Any CPU.ActiveCfg = Debug|Any CPU
		{F2624E4E-6DDF-4B4E-813A-996E633E98B3}.Debug|Any CPU.Build.0 = Debug|Any CPU
		{F2624E4E-6DDF-4B4E-813A-996E633E98B3}.Release|Any CPU.ActiveCfg = Release|Any CPU
		{F2624E4E-6DDF-4B4E-813A-996E633E98B3}.Release|Any CPU.Build.0 = Release|Any CPU
		{A26DB189-84A3-4A93-98CD-40B1CF50540C}.Debug|Any CPU.ActiveCfg = Debug|Any CPU
		{A26DB189-84A3-4A93-98CD-40B1CF50540C}.Debug|Any CPU.Build.0 = Debug|Any CPU
		{A26DB189-84A3-4A93-98CD-40B1CF50540C}.Release|Any CPU.ActiveCfg = Release|Any CPU
		{A26DB189-84A3-4A93-98CD-40B1CF50540C}.Release|Any CPU.Build.0 = Release|Any CPU
		{125884D9-9BD0-43B6-A8BE-80EEBBAE5A67}.Debug|Any CPU.ActiveCfg = Debug|Any CPU
		{125884D9-9BD0-43B6-A8BE-80EEBBAE5A67}.Debug|Any CPU.Build.0 = Debug|Any CPU
		{125884D9-9BD0-43B6-A8BE-80EEBBAE5A67}.Release|Any CPU.ActiveCfg = Release|Any CPU
		{125884D9-9BD0-43B6-A8BE-80EEBBAE5A67}.Release|Any CPU.Build.0 = Release|Any CPU
		{4A4BEFDB-BE36-4E9A-807E-B6C5903DD4B0}.Debug|Any CPU.ActiveCfg = Debug|Any CPU
		{4A4BEFDB-BE36-4E9A-807E-B6C5903DD4B0}.Debug|Any CPU.Build.0 = Debug|Any CPU
		{4A4BEFDB-BE36-4E9A-807E-B6C5903DD4B0}.Release|Any CPU.ActiveCfg = Release|Any CPU
		{4A4BEFDB-BE36-4E9A-807E-B6C5903DD4B0}.Release|Any CPU.Build.0 = Release|Any CPU
	EndGlobalSection
	GlobalSection(SolutionProperties) = preSolution
		HideSolutionNode = FALSE
	EndGlobalSection
	GlobalSection(ExtensibilityGlobals) = postSolution
		SolutionGuid = {EFD9E995-A4AE-4576-93FB-21D7CAE4B168}
	EndGlobalSection
EndGlobal
